
Microsoft Visual Studio Solution File, Format Version 12.00
# Visual Studio Version 17
VisualStudioVersion = 17.4.33205.214
MinimumVisualStudioVersion = 10.0.40219.1
Project("{FAE04EC0-301F-11D3-BF4B-00C04F79EFBC}") = "CreatureSim", "CreatureSim\CreatureSim.csproj", "{5741AB6D-EC97-43A5-A3D2-8E034DABA71E}"
EndProject
Global
	GlobalSection(SolutionConfigurationPlatforms) = preSolution
		Debug|Any CPU = Debug|Any CPU
		Release|Any CPU = Release|Any CPU
	EndGlobalSection
	GlobalSection(ProjectConfigurationPlatforms) = postSolution
		{5741AB6D-EC97-43A5-A3D2-8E034DABA71E}.Debug|Any CPU.ActiveCfg = Debug|Any CPU
		{5741AB6D-EC97-43A5-A3D2-8E034DABA71E}.Debug|Any CPU.Build.0 = Debug|Any CPU
		{5741AB6D-EC97-43A5-A3D2-8E034DABA71E}.Release|Any CPU.ActiveCfg = Release|Any CPU
		{5741AB6D-EC97-43A5-A3D2-8E034DABA71E}.Release|Any CPU.Build.0 = Release|Any CPU
	EndGlobalSection
	GlobalSection(SolutionProperties) = preSolution
		HideSolutionNode = FALSE
	EndGlobalSection
	GlobalSection(ExtensibilityGlobals) = postSolution
		SolutionGuid = {DEF4573F-17A3-4AD4-80C5-E15D42152B6A}
	EndGlobalSection
EndGlobal
